
Microsoft Visual Studio Solution File, Format Version 12.00
# Visual Studio 15
VisualStudioVersion = 15.0.27130.2020
MinimumVisualStudioVersion = 10.0.40219.1
Project("{9A19103F-16F7-4668-BE54-9A1E7A4F7556}") = "MemberService", "MemberService\MemberService.csproj", "{279CE44F-ED37-484C-A205-78C9F0CC206A}"
EndProject
Project("{9A19103F-16F7-4668-BE54-9A1E7A4F7556}") = "MemberService.UnitTests", "MemberService.UnitTests\MemberService.UnitTests.csproj", "{2282BE7B-7A8F-4485-9489-379525B19EB1}"
EndProject
Global
	GlobalSection(SolutionConfigurationPlatforms) = preSolution
		Debug|Any CPU = Debug|Any CPU
		Release|Any CPU = Release|Any CPU
	EndGlobalSection
	GlobalSection(ProjectConfigurationPlatforms) = postSolution
		{279CE44F-ED37-484C-A205-78C9F0CC206A}.Debug|Any CPU.ActiveCfg = Debug|Any CPU
		{279CE44F-ED37-484C-A205-78C9F0CC206A}.Debug|Any CPU.Build.0 = Debug|Any CPU
		{279CE44F-ED37-484C-A205-78C9F0CC206A}.Release|Any CPU.ActiveCfg = Release|Any CPU
		{279CE44F-ED37-484C-A205-78C9F0CC206A}.Release|Any CPU.Build.0 = Release|Any CPU
		{2282BE7B-7A8F-4485-9489-379525B19EB1}.Debug|Any CPU.ActiveCfg = Debug|Any CPU
		{2282BE7B-7A8F-4485-9489-379525B19EB1}.Debug|Any CPU.Build.0 = Debug|Any CPU
		{2282BE7B-7A8F-4485-9489-379525B19EB1}.Release|Any CPU.ActiveCfg = Release|Any CPU
		{2282BE7B-7A8F-4485-9489-379525B19EB1}.Release|Any CPU.Build.0 = Release|Any CPU
	EndGlobalSection
	GlobalSection(SolutionProperties) = preSolution
		HideSolutionNode = FALSE
	EndGlobalSection
	GlobalSection(ExtensibilityGlobals) = postSolution
		SolutionGuid = {9EAE7FF1-34F1-49F9-95E2-FE8190D0E7B8}
	EndGlobalSection
EndGlobal
