
Microsoft Visual Studio Solution File, Format Version 12.00
# Visual Studio 15
VisualStudioVersion = 15.0.27703.2035
MinimumVisualStudioVersion = 10.0.40219.1
Project("{9A19103F-16F7-4668-BE54-9A1E7A4F7556}") = "ScheduleAPI", "Schedule-API\ScheduleAPI.csproj", "{D3F55F06-00CD-4F14-BF6C-508A0FF4AF0F}"
EndProject
Project("{FAE04EC0-301F-11D3-BF4B-00C04F79EFBC}") = "ScheduleApiUnitTests", "ScheduleApiUnitTests\ScheduleApiUnitTests.csproj", "{07C5129A-6E11-46B7-87FB-433DFE120A53}"
EndProject
Global
	GlobalSection(SolutionConfigurationPlatforms) = preSolution
		Debug|Any CPU = Debug|Any CPU
		Release|Any CPU = Release|Any CPU
	EndGlobalSection
	GlobalSection(ProjectConfigurationPlatforms) = postSolution
		{D3F55F06-00CD-4F14-BF6C-508A0FF4AF0F}.Debug|Any CPU.ActiveCfg = Debug|Any CPU
		{D3F55F06-00CD-4F14-BF6C-508A0FF4AF0F}.Debug|Any CPU.Build.0 = Debug|Any CPU
		{D3F55F06-00CD-4F14-BF6C-508A0FF4AF0F}.Release|Any CPU.ActiveCfg = Release|Any CPU
		{D3F55F06-00CD-4F14-BF6C-508A0FF4AF0F}.Release|Any CPU.Build.0 = Release|Any CPU
		{07C5129A-6E11-46B7-87FB-433DFE120A53}.Debug|Any CPU.ActiveCfg = Debug|Any CPU
		{07C5129A-6E11-46B7-87FB-433DFE120A53}.Debug|Any CPU.Build.0 = Debug|Any CPU
		{07C5129A-6E11-46B7-87FB-433DFE120A53}.Release|Any CPU.ActiveCfg = Release|Any CPU
		{07C5129A-6E11-46B7-87FB-433DFE120A53}.Release|Any CPU.Build.0 = Release|Any CPU
	EndGlobalSection
	GlobalSection(SolutionProperties) = preSolution
		HideSolutionNode = FALSE
	EndGlobalSection
	GlobalSection(ExtensibilityGlobals) = postSolution
		SolutionGuid = {0A118D95-138A-4786-A2B6-36CF697B0F3B}
	EndGlobalSection
EndGlobal
